
Microsoft Visual Studio Solution File, Format Version 12.00
# Visual Studio 15
VisualStudioVersion = 15.0.27130.2024
MinimumVisualStudioVersion = 10.0.40219.1
Project("{FAE04EC0-301F-11D3-BF4B-00C04F79EFBC}") = "K4os.Xpovoc.Test", "K4os.Xpovoc.Test\K4os.Xpovoc.Test.csproj", "{79E08BEA-FB8C-4ECA-AB12-09826D68988E}"
EndProject
Project("{2150E333-8FDC-42A3-9474-1A3956D46DE8}") = ".build", ".build", "{835ECDA0-7229-4D96-8B74-8D9F119E6683}"
	ProjectSection(SolutionItems) = preProject
		..\CHANGES.md = ..\CHANGES.md
		..\README.md = ..\README.md
		..\LICENSE = ..\LICENSE
		..\.gitignore = ..\.gitignore
		..\Signing.targets = ..\Signing.targets
		..\docker-compose.yml = ..\docker-compose.yml
		..\databases.xml = ..\databases.xml
		..\Directory.Build.props = ..\Directory.Build.props
		..\Directory.Build.targets = ..\Directory.Build.targets
		..\Directory.Packages.props = ..\Directory.Packages.props
		..\global.json = ..\global.json
	EndProjectSection
EndProject
Project("{FAE04EC0-301F-11D3-BF4B-00C04F79EFBC}") = "K4os.Xpovoc.MySql", "K4os.Xpovoc.MySql\K4os.Xpovoc.MySql.csproj", "{7E5CB5CC-D8CC-4C92-963D-BBA5B684D880}"
EndProject
Project("{FAE04EC0-301F-11D3-BF4B-00C04F79EFBC}") = "K4os.Xpovoc.Abstractions", "K4os.Xpovoc.Abstractions\K4os.Xpovoc.Abstractions.csproj", "{BFB24A8E-2236-4D54-B489-7D07910E7543}"
EndProject
Project("{FAE04EC0-301F-11D3-BF4B-00C04F79EFBC}") = "K4os.Shared", "K4os.Shared\K4os.Shared.csproj", "{8D991F96-B936-4BEF-ABCA-2202692E9943}"
EndProject
Project("{FAE04EC0-301F-11D3-BF4B-00C04F79EFBC}") = "K4os.Xpovoc.MediatR", "K4os.Xpovoc.MediatR\K4os.Xpovoc.MediatR.csproj", "{A579F0EE-702D-48BE-98BC-0A155D255156}"
EndProject
Project("{FAE04EC0-301F-11D3-BF4B-00C04F79EFBC}") = "K4os.Xpovoc.PgSql", "K4os.Xpovoc.PgSql\K4os.Xpovoc.PgSql.csproj", "{1A9463EF-E0AC-4ED8-88A0-48CCFC85313D}"
EndProject
Project("{FAE04EC0-301F-11D3-BF4B-00C04F79EFBC}") = "K4os.Xpovoc.MsSql", "K4os.Xpovoc.MsSql\K4os.Xpovoc.MsSql.csproj", "{86D97F9C-4581-49C4-8CBE-07E91F4A6BBC}"
EndProject
Project("{FAE04EC0-301F-11D3-BF4B-00C04F79EFBC}") = "K4os.Xpovoc.SqLite", "K4os.Xpovoc.SqLite\K4os.Xpovoc.SqLite.csproj", "{F577C5BA-8040-4AB1-8F12-1C3BC96D5517}"
EndProject
Project("{FAE04EC0-301F-11D3-BF4B-00C04F79EFBC}") = "K4os.Xpovoc.Json", "K4os.Xpovoc.Json\K4os.Xpovoc.Json.csproj", "{ED203036-751C-45F1-91FA-CE8CF7629DBC}"
EndProject
Project("{FAE04EC0-301F-11D3-BF4B-00C04F79EFBC}") = "Playground", "Playground\Playground.csproj", "{544F0B5A-B3BB-490B-92D7-9C5587E11B47}"
EndProject
Project("{FAE04EC0-301F-11D3-BF4B-00C04F79EFBC}") = "K4os.Xpovoc.Core", "K4os.Xpovoc.Core\K4os.Xpovoc.Core.csproj", "{BFDC8177-A334-4DAD-AA4D-61787B9DA55B}"
EndProject
Project("{FAE04EC0-301F-11D3-BF4B-00C04F79EFBC}") = "K4os.Xpovoc.Db.Test", "K4os.Xpovoc.Db.Test\K4os.Xpovoc.Db.Test.csproj", "{DA732BE1-C721-4F63-9907-4A50C5E2B297}"
EndProject
Project("{2150E333-8FDC-42A3-9474-1A3956D46DE8}") = "Tests", "Tests", "{05CC704E-DDB0-4335-82E4-460AD6E89D20}"
EndProject
Project("{FAE04EC0-301F-11D3-BF4B-00C04F79EFBC}") = "K4os.Xpovoc.Quarterback", "K4os.Xpovoc.Quarterback\K4os.Xpovoc.Quarterback.csproj", "{48B30C5C-B95A-4690-921C-7D7C0BB0EC1C}"
EndProject
Project("{2150E333-8FDC-42A3-9474-1A3956D46DE8}") = "Storage", "Storage", "{4964B568-60A9-45DC-BFB5-F09772ECB635}"
EndProject
Project("{FAE04EC0-301F-11D3-BF4B-00C04F79EFBC}") = "K4os.Xpovoc.Mongo", "K4os.Xpovoc.Mongo\K4os.Xpovoc.Mongo.csproj", "{1AE85D8D-41FA-437C-8949-79F5E53714FC}"
EndProject
Project("{FAE04EC0-301F-11D3-BF4B-00C04F79EFBC}") = "K4os.Xpovoc.Brighter", "K4os.Xpovoc.Brighter\K4os.Xpovoc.Brighter.csproj", "{9DAF8CFC-7E73-4033-A5BF-1C668BCF16F5}"
EndProject
Project("{2150E333-8FDC-42A3-9474-1A3956D46DE8}") = "Dispatch", "Dispatch", "{F032EA99-FA15-4FFD-9261-0B7E77613C5E}"
EndProject
Project("{FAE04EC0-301F-11D3-BF4B-00C04F79EFBC}") = "K4os.Xpovoc.Sqs", "K4os.Xpovoc.Sqs\K4os.Xpovoc.Sqs.csproj", "{ED3837B6-3434-4213-B6D1-9DA0E7F9A258}"
EndProject
Project("{FAE04EC0-301F-11D3-BF4B-00C04F79EFBC}") = "K4os.Xpovoc.Redis", "K4os.Xpovoc.Redis\K4os.Xpovoc.Redis.csproj", "{9A66EC7B-41D6-4C72-94CE-D359164EE0AA}"
EndProject
Project("{FAE04EC0-301F-11D3-BF4B-00C04F79EFBC}") = "K4os.Xpovoc.Hosting", "K4os.Xpovoc.Hosting\K4os.Xpovoc.Hosting.csproj", "{309DF87F-E5C2-47D4-B4D2-DAA857C7EA16}"
EndProject
Project("{9A19103F-16F7-4668-BE54-9A1E7A4F7556}") = "_build", "..\.nuke\build\_build.csproj", "{F7D34DD7-E82F-41A3-AE97-789FEE5A9C39}"
EndProject
Project("{FAE04EC0-301F-11D3-BF4B-00C04F79EFBC}") = "K4os.Xpovoc.Sqs.Test", "K4os.Xpovoc.Sqs.Test\K4os.Xpovoc.Sqs.Test.csproj", "{26039CB2-C5F9-40E6-9F16-85A0CD6897EF}"
EndProject
Global
	GlobalSection(SolutionConfigurationPlatforms) = preSolution
		Debug|Any CPU = Debug|Any CPU
		Release|Any CPU = Release|Any CPU
	EndGlobalSection
	GlobalSection(ProjectConfigurationPlatforms) = postSolution
		{F7D34DD7-E82F-41A3-AE97-789FEE5A9C39}.Debug|Any CPU.ActiveCfg = Debug|Any CPU
		{F7D34DD7-E82F-41A3-AE97-789FEE5A9C39}.Release|Any CPU.ActiveCfg = Release|Any CPU
		{79E08BEA-FB8C-4ECA-AB12-09826D68988E}.Debug|Any CPU.ActiveCfg = Debug|Any CPU
		{79E08BEA-FB8C-4ECA-AB12-09826D68988E}.Debug|Any CPU.Build.0 = Debug|Any CPU
		{79E08BEA-FB8C-4ECA-AB12-09826D68988E}.Release|Any CPU.ActiveCfg = Release|Any CPU
		{79E08BEA-FB8C-4ECA-AB12-09826D68988E}.Release|Any CPU.Build.0 = Release|Any CPU
		{7E5CB5CC-D8CC-4C92-963D-BBA5B684D880}.Debug|Any CPU.ActiveCfg = Debug|Any CPU
		{7E5CB5CC-D8CC-4C92-963D-BBA5B684D880}.Debug|Any CPU.Build.0 = Debug|Any CPU
		{7E5CB5CC-D8CC-4C92-963D-BBA5B684D880}.Release|Any CPU.ActiveCfg = Release|Any CPU
		{7E5CB5CC-D8CC-4C92-963D-BBA5B684D880}.Release|Any CPU.Build.0 = Release|Any CPU
		{BFB24A8E-2236-4D54-B489-7D07910E7543}.Debug|Any CPU.ActiveCfg = Debug|Any CPU
		{BFB24A8E-2236-4D54-B489-7D07910E7543}.Debug|Any CPU.Build.0 = Debug|Any CPU
		{BFB24A8E-2236-4D54-B489-7D07910E7543}.Release|Any CPU.ActiveCfg = Release|Any CPU
		{BFB24A8E-2236-4D54-B489-7D07910E7543}.Release|Any CPU.Build.0 = Release|Any CPU
		{8D991F96-B936-4BEF-ABCA-2202692E9943}.Debug|Any CPU.ActiveCfg = Debug|Any CPU
		{8D991F96-B936-4BEF-ABCA-2202692E9943}.Debug|Any CPU.Build.0 = Debug|Any CPU
		{8D991F96-B936-4BEF-ABCA-2202692E9943}.Release|Any CPU.ActiveCfg = Release|Any CPU
		{8D991F96-B936-4BEF-ABCA-2202692E9943}.Release|Any CPU.Build.0 = Release|Any CPU
		{A579F0EE-702D-48BE-98BC-0A155D255156}.Debug|Any CPU.ActiveCfg = Debug|Any CPU
		{A579F0EE-702D-48BE-98BC-0A155D255156}.Debug|Any CPU.Build.0 = Debug|Any CPU
		{A579F0EE-702D-48BE-98BC-0A155D255156}.Release|Any CPU.ActiveCfg = Release|Any CPU
		{A579F0EE-702D-48BE-98BC-0A155D255156}.Release|Any CPU.Build.0 = Release|Any CPU
		{1A9463EF-E0AC-4ED8-88A0-48CCFC85313D}.Debug|Any CPU.ActiveCfg = Debug|Any CPU
		{1A9463EF-E0AC-4ED8-88A0-48CCFC85313D}.Debug|Any CPU.Build.0 = Debug|Any CPU
		{1A9463EF-E0AC-4ED8-88A0-48CCFC85313D}.Release|Any CPU.ActiveCfg = Release|Any CPU
		{1A9463EF-E0AC-4ED8-88A0-48CCFC85313D}.Release|Any CPU.Build.0 = Release|Any CPU
		{86D97F9C-4581-49C4-8CBE-07E91F4A6BBC}.Debug|Any CPU.ActiveCfg = Debug|Any CPU
		{86D97F9C-4581-49C4-8CBE-07E91F4A6BBC}.Debug|Any CPU.Build.0 = Debug|Any CPU
		{86D97F9C-4581-49C4-8CBE-07E91F4A6BBC}.Release|Any CPU.ActiveCfg = Release|Any CPU
		{86D97F9C-4581-49C4-8CBE-07E91F4A6BBC}.Release|Any CPU.Build.0 = Release|Any CPU
		{F577C5BA-8040-4AB1-8F12-1C3BC96D5517}.Debug|Any CPU.ActiveCfg = Debug|Any CPU
		{F577C5BA-8040-4AB1-8F12-1C3BC96D5517}.Debug|Any CPU.Build.0 = Debug|Any CPU
		{F577C5BA-8040-4AB1-8F12-1C3BC96D5517}.Release|Any CPU.ActiveCfg = Release|Any CPU
		{F577C5BA-8040-4AB1-8F12-1C3BC96D5517}.Release|Any CPU.Build.0 = Release|Any CPU
		{ED203036-751C-45F1-91FA-CE8CF7629DBC}.Debug|Any CPU.ActiveCfg = Debug|Any CPU
		{ED203036-751C-45F1-91FA-CE8CF7629DBC}.Debug|Any CPU.Build.0 = Debug|Any CPU
		{ED203036-751C-45F1-91FA-CE8CF7629DBC}.Release|Any CPU.ActiveCfg = Release|Any CPU
		{ED203036-751C-45F1-91FA-CE8CF7629DBC}.Release|Any CPU.Build.0 = Release|Any CPU
		{544F0B5A-B3BB-490B-92D7-9C5587E11B47}.Debug|Any CPU.ActiveCfg = Debug|Any CPU
		{544F0B5A-B3BB-490B-92D7-9C5587E11B47}.Debug|Any CPU.Build.0 = Debug|Any CPU
		{544F0B5A-B3BB-490B-92D7-9C5587E11B47}.Release|Any CPU.ActiveCfg = Release|Any CPU
		{544F0B5A-B3BB-490B-92D7-9C5587E11B47}.Release|Any CPU.Build.0 = Release|Any CPU
		{BFDC8177-A334-4DAD-AA4D-61787B9DA55B}.Debug|Any CPU.ActiveCfg = Debug|Any CPU
		{BFDC8177-A334-4DAD-AA4D-61787B9DA55B}.Debug|Any CPU.Build.0 = Debug|Any CPU
		{BFDC8177-A334-4DAD-AA4D-61787B9DA55B}.Release|Any CPU.ActiveCfg = Release|Any CPU
		{BFDC8177-A334-4DAD-AA4D-61787B9DA55B}.Release|Any CPU.Build.0 = Release|Any CPU
		{DA732BE1-C721-4F63-9907-4A50C5E2B297}.Debug|Any CPU.ActiveCfg = Debug|Any CPU
		{DA732BE1-C721-4F63-9907-4A50C5E2B297}.Debug|Any CPU.Build.0 = Debug|Any CPU
		{DA732BE1-C721-4F63-9907-4A50C5E2B297}.Release|Any CPU.ActiveCfg = Release|Any CPU
		{DA732BE1-C721-4F63-9907-4A50C5E2B297}.Release|Any CPU.Build.0 = Release|Any CPU
		{48B30C5C-B95A-4690-921C-7D7C0BB0EC1C}.Debug|Any CPU.ActiveCfg = Debug|Any CPU
		{48B30C5C-B95A-4690-921C-7D7C0BB0EC1C}.Debug|Any CPU.Build.0 = Debug|Any CPU
		{48B30C5C-B95A-4690-921C-7D7C0BB0EC1C}.Release|Any CPU.ActiveCfg = Release|Any CPU
		{48B30C5C-B95A-4690-921C-7D7C0BB0EC1C}.Release|Any CPU.Build.0 = Release|Any CPU
		{1AE85D8D-41FA-437C-8949-79F5E53714FC}.Debug|Any CPU.ActiveCfg = Debug|Any CPU
		{1AE85D8D-41FA-437C-8949-79F5E53714FC}.Debug|Any CPU.Build.0 = Debug|Any CPU
		{1AE85D8D-41FA-437C-8949-79F5E53714FC}.Release|Any CPU.ActiveCfg = Release|Any CPU
		{1AE85D8D-41FA-437C-8949-79F5E53714FC}.Release|Any CPU.Build.0 = Release|Any CPU
		{9DAF8CFC-7E73-4033-A5BF-1C668BCF16F5}.Debug|Any CPU.ActiveCfg = Debug|Any CPU
		{9DAF8CFC-7E73-4033-A5BF-1C668BCF16F5}.Debug|Any CPU.Build.0 = Debug|Any CPU
		{9DAF8CFC-7E73-4033-A5BF-1C668BCF16F5}.Release|Any CPU.ActiveCfg = Release|Any CPU
		{9DAF8CFC-7E73-4033-A5BF-1C668BCF16F5}.Release|Any CPU.Build.0 = Release|Any CPU
		{ED3837B6-3434-4213-B6D1-9DA0E7F9A258}.Debug|Any CPU.ActiveCfg = Debug|Any CPU
		{ED3837B6-3434-4213-B6D1-9DA0E7F9A258}.Debug|Any CPU.Build.0 = Debug|Any CPU
		{ED3837B6-3434-4213-B6D1-9DA0E7F9A258}.Release|Any CPU.ActiveCfg = Release|Any CPU
		{ED3837B6-3434-4213-B6D1-9DA0E7F9A258}.Release|Any CPU.Build.0 = Release|Any CPU
		{9A66EC7B-41D6-4C72-94CE-D359164EE0AA}.Debug|Any CPU.ActiveCfg = Debug|Any CPU
		{9A66EC7B-41D6-4C72-94CE-D359164EE0AA}.Debug|Any CPU.Build.0 = Debug|Any CPU
		{9A66EC7B-41D6-4C72-94CE-D359164EE0AA}.Release|Any CPU.ActiveCfg = Release|Any CPU
		{9A66EC7B-41D6-4C72-94CE-D359164EE0AA}.Release|Any CPU.Build.0 = Release|Any CPU
		{309DF87F-E5C2-47D4-B4D2-DAA857C7EA16}.Debug|Any CPU.ActiveCfg = Debug|Any CPU
		{309DF87F-E5C2-47D4-B4D2-DAA857C7EA16}.Debug|Any CPU.Build.0 = Debug|Any CPU
		{309DF87F-E5C2-47D4-B4D2-DAA857C7EA16}.Release|Any CPU.ActiveCfg = Release|Any CPU
		{309DF87F-E5C2-47D4-B4D2-DAA857C7EA16}.Release|Any CPU.Build.0 = Release|Any CPU
		{26039CB2-C5F9-40E6-9F16-85A0CD6897EF}.Debug|Any CPU.ActiveCfg = Debug|Any CPU
		{26039CB2-C5F9-40E6-9F16-85A0CD6897EF}.Debug|Any CPU.Build.0 = Debug|Any CPU
		{26039CB2-C5F9-40E6-9F16-85A0CD6897EF}.Release|Any CPU.ActiveCfg = Release|Any CPU
		{26039CB2-C5F9-40E6-9F16-85A0CD6897EF}.Release|Any CPU.Build.0 = Release|Any CPU
	EndGlobalSection
	GlobalSection(SolutionProperties) = preSolution
		HideSolutionNode = FALSE
	EndGlobalSection
	GlobalSection(ExtensibilityGlobals) = postSolution
		SolutionGuid = {455890D3-A42A-420D-8AB1-8DAB82DD00AD}
	EndGlobalSection
	GlobalSection(NestedProjects) = preSolution
		{DA732BE1-C721-4F63-9907-4A50C5E2B297} = {05CC704E-DDB0-4335-82E4-460AD6E89D20}
		{79E08BEA-FB8C-4ECA-AB12-09826D68988E} = {05CC704E-DDB0-4335-82E4-460AD6E89D20}
		{544F0B5A-B3BB-490B-92D7-9C5587E11B47} = {05CC704E-DDB0-4335-82E4-460AD6E89D20}
		{86D97F9C-4581-49C4-8CBE-07E91F4A6BBC} = {4964B568-60A9-45DC-BFB5-F09772ECB635}
		{7E5CB5CC-D8CC-4C92-963D-BBA5B684D880} = {4964B568-60A9-45DC-BFB5-F09772ECB635}
		{1A9463EF-E0AC-4ED8-88A0-48CCFC85313D} = {4964B568-60A9-45DC-BFB5-F09772ECB635}
		{F577C5BA-8040-4AB1-8F12-1C3BC96D5517} = {4964B568-60A9-45DC-BFB5-F09772ECB635}
		{1AE85D8D-41FA-437C-8949-79F5E53714FC} = {4964B568-60A9-45DC-BFB5-F09772ECB635}
		{9DAF8CFC-7E73-4033-A5BF-1C668BCF16F5} = {F032EA99-FA15-4FFD-9261-0B7E77613C5E}
		{A579F0EE-702D-48BE-98BC-0A155D255156} = {F032EA99-FA15-4FFD-9261-0B7E77613C5E}
		{48B30C5C-B95A-4690-921C-7D7C0BB0EC1C} = {F032EA99-FA15-4FFD-9261-0B7E77613C5E}
		{ED3837B6-3434-4213-B6D1-9DA0E7F9A258} = {4964B568-60A9-45DC-BFB5-F09772ECB635}
		{9A66EC7B-41D6-4C72-94CE-D359164EE0AA} = {4964B568-60A9-45DC-BFB5-F09772ECB635}
		{26039CB2-C5F9-40E6-9F16-85A0CD6897EF} = {05CC704E-DDB0-4335-82E4-460AD6E89D20}
	EndGlobalSection
EndGlobal
